
Microsoft Visual Studio Solution File, Format Version 12.00
# Visual Studio Version 17
VisualStudioVersion = 17.3.32929.385
MinimumVisualStudioVersion = 10.0.40219.1
Project("{FAE04EC0-301F-11D3-BF4B-00C04F79EFBC}") = "Solution", "CodingChallenge\Solution.csproj", "{6E7F1472-029F-4226-932A-E2F7D1045AB5}"
EndProject
Global
	GlobalSection(SolutionConfigurationPlatforms) = preSolution
		Debug|Any CPU = Debug|Any CPU
		Release|Any CPU = Release|Any CPU
	EndGlobalSection
	GlobalSection(ProjectConfigurationPlatforms) = postSolution
		{6E7F1472-029F-4226-932A-E2F7D1045AB5}.Debug|Any CPU.ActiveCfg = Debug|Any CPU
		{6E7F1472-029F-4226-932A-E2F7D1045AB5}.Debug|Any CPU.Build.0 = Debug|Any CPU
		{6E7F1472-029F-4226-932A-E2F7D1045AB5}.Release|Any CPU.ActiveCfg = Release|Any CPU
		{6E7F1472-029F-4226-932A-E2F7D1045AB5}.Release|Any CPU.Build.0 = Release|Any CPU
	EndGlobalSection
	GlobalSection(SolutionProperties) = preSolution
		HideSolutionNode = FALSE
	EndGlobalSection
	GlobalSection(ExtensibilityGlobals) = postSolution
		SolutionGuid = {0F51AD07-A1D7-4094-B5AE-45703EE9B5B2}
	EndGlobalSection
EndGlobal
